
Microsoft Visual Studio Solution File, Format Version 12.00
# Visual Studio Version 17
VisualStudioVersion = 17.14.37314.3
MinimumVisualStudioVersion = 10.0.40219.1
Project("{FAE04EC0-301F-11D3-BF4B-00C04F79EFBC}") = "API", "src\API\API.csproj", "{906869BB-75C5-44C9-BA9B-0B2228865538}"
EndProject
Project("{FAE04EC0-301F-11D3-BF4B-00C04F79EFBC}") = "Application", "src\Application\Application.csproj", "{6398D6F2-9FDF-43F6-8306-5E119CA23818}"
EndProject
Project("{FAE04EC0-301F-11D3-BF4B-00C04F79EFBC}") = "Domain", "src\Domain\Domain.csproj", "{1F493363-4724-4A8C-A405-E4AF029489BC}"
EndProject
Project("{FAE04EC0-301F-11D3-BF4B-00C04F79EFBC}") = "Infrastructure", "src\InfraStructure\Infrastructure.csproj", "{6BCF40FF-03C4-42CB-90C2-6085854EE93B}"
EndProject
Global
	GlobalSection(SolutionConfigurationPlatforms) = preSolution
		Debug|Any CPU = Debug|Any CPU
		Release|Any CPU = Release|Any CPU
	EndGlobalSection
	GlobalSection(ProjectConfigurationPlatforms) = postSolution
		{906869BB-75C5-44C9-BA9B-0B2228865538}.Debug|Any CPU.ActiveCfg = Debug|Any CPU
		{906869BB-75C5-44C9-BA9B-0B2228865538}.Debug|Any CPU.Build.0 = Debug|Any CPU
		{906869BB-75C5-44C9-BA9B-0B2228865538}.Release|Any CPU.ActiveCfg = Release|Any CPU
		{906869BB-75C5-44C9-BA9B-0B2228865538}.Release|Any CPU.Build.0 = Release|Any CPU
		{6398D6F2-9FDF-43F6-8306-5E119CA23818}.Debug|Any CPU.ActiveCfg = Debug|Any CPU
		{6398D6F2-9FDF-43F6-8306-5E119CA23818}.Debug|Any CPU.Build.0 = Debug|Any CPU
		{6398D6F2-9FDF-43F6-8306-5E119CA23818}.Release|Any CPU.ActiveCfg = Release|Any CPU
		{6398D6F2-9FDF-43F6-8306-5E119CA23818}.Release|Any CPU.Build.0 = Release|Any CPU
		{1F493363-4724-4A8C-A405-E4AF029489BC}.Debug|Any CPU.ActiveCfg = Debug|Any CPU
		{1F493363-4724-4A8C-A405-E4AF029489BC}.Debug|Any CPU.Build.0 = Debug|Any CPU
		{1F493363-4724-4A8C-A405-E4AF029489BC}.Release|Any CPU.ActiveCfg = Release|Any CPU
		{1F493363-4724-4A8C-A405-E4AF029489BC}.Release|Any CPU.Build.0 = Release|Any CPU
		{6BCF40FF-03C4-42CB-90C2-6085854EE93B}.Debug|Any CPU.ActiveCfg = Debug|Any CPU
		{6BCF40FF-03C4-42CB-90C2-6085854EE93B}.Debug|Any CPU.Build.0 = Debug|Any CPU
		{6BCF40FF-03C4-42CB-90C2-6085854EE93B}.Release|Any CPU.ActiveCfg = Release|Any CPU
		{6BCF40FF-03C4-42CB-90C2-6085854EE93B}.Release|Any CPU.Build.0 = Release|Any CPU
	EndGlobalSection
	GlobalSection(SolutionProperties) = preSolution
		HideSolutionNode = FALSE
	EndGlobalSection
	GlobalSection(ExtensibilityGlobals) = postSolution
		SolutionGuid = {5F029B22-89F2-4DD2-BE70-AC9AB77F6F2A}
	EndGlobalSection
EndGlobal
